
Microsoft Visual Studio Solution File, Format Version 12.00
# Visual Studio Version 16
VisualStudioVersion = 16.0.31702.278
MinimumVisualStudioVersion = 10.0.40219.1
Project("{9A19103F-16F7-4668-BE54-9A1E7A4F7556}") = "UrlShortener.Domain", "UrlShortener.Domain\UrlShortener.Domain.csproj", "{F79C5F33-5297-43FF-803A-C86BA2006DD8}"
EndProject
Project("{9A19103F-16F7-4668-BE54-9A1E7A4F7556}") = "UrlShortener.Application.Implementation", "UrlShortener.Application\UrlShortener.Application.Implementation.csproj", "{4E26372D-72C2-4E66-8AAA-2DDAC7A5B329}"
EndProject
Project("{9A19103F-16F7-4668-BE54-9A1E7A4F7556}") = "UrlShortener.Infrastructure", "UrlShortener.Infrastructure\UrlShortener.Infrastructure.csproj", "{24135C35-7438-4F91-AA5A-B9E1867D8589}"
EndProject
Project("{9A19103F-16F7-4668-BE54-9A1E7A4F7556}") = "UrlShortener.Application.Interfaces", "UrlShortener.Application.Interfaces\UrlShortener.Application.Interfaces.csproj", "{C8FD8135-39D7-499C-B203-B598584EBB78}"
EndProject
Project("{9A19103F-16F7-4668-BE54-9A1E7A4F7556}") = "UrlShortener.WebUI", "UrlShortener.WebUI\UrlShortener.WebUI.csproj", "{0D73070F-9C4F-417E-917B-7FB4EA9E0AFB}"
EndProject
Project("{2150E333-8FDC-42A3-9474-1A3956D46DE8}") = "Tests", "Tests", "{8F0D4F8A-0137-4B77-8C78-FCD7F860CAE6}"
EndProject
Project("{FAE04EC0-301F-11D3-BF4B-00C04F79EFBC}") = "UrlShortener.UnitTests", "UrlShortener.UnitTests\UrlShortener.UnitTests.csproj", "{BECEF962-947A-44BF-8418-A96F8DB60964}"
EndProject
Global
	GlobalSection(SolutionConfigurationPlatforms) = preSolution
		Debug|Any CPU = Debug|Any CPU
		Release|Any CPU = Release|Any CPU
	EndGlobalSection
	GlobalSection(ProjectConfigurationPlatforms) = postSolution
		{F79C5F33-5297-43FF-803A-C86BA2006DD8}.Debug|Any CPU.ActiveCfg = Debug|Any CPU
		{F79C5F33-5297-43FF-803A-C86BA2006DD8}.Debug|Any CPU.Build.0 = Debug|Any CPU
		{F79C5F33-5297-43FF-803A-C86BA2006DD8}.Release|Any CPU.ActiveCfg = Release|Any CPU
		{F79C5F33-5297-43FF-803A-C86BA2006DD8}.Release|Any CPU.Build.0 = Release|Any CPU
		{4E26372D-72C2-4E66-8AAA-2DDAC7A5B329}.Debug|Any CPU.ActiveCfg = Debug|Any CPU
		{4E26372D-72C2-4E66-8AAA-2DDAC7A5B329}.Debug|Any CPU.Build.0 = Debug|Any CPU
		{4E26372D-72C2-4E66-8AAA-2DDAC7A5B329}.Release|Any CPU.ActiveCfg = Release|Any CPU
		{4E26372D-72C2-4E66-8AAA-2DDAC7A5B329}.Release|Any CPU.Build.0 = Release|Any CPU
		{24135C35-7438-4F91-AA5A-B9E1867D8589}.Debug|Any CPU.ActiveCfg = Debug|Any CPU
		{24135C35-7438-4F91-AA5A-B9E1867D8589}.Debug|Any CPU.Build.0 = Debug|Any CPU
		{24135C35-7438-4F91-AA5A-B9E1867D8589}.Release|Any CPU.ActiveCfg = Release|Any CPU
		{24135C35-7438-4F91-AA5A-B9E1867D8589}.Release|Any CPU.Build.0 = Release|Any CPU
		{C8FD8135-39D7-499C-B203-B598584EBB78}.Debug|Any CPU.ActiveCfg = Debug|Any CPU
		{C8FD8135-39D7-499C-B203-B598584EBB78}.Debug|Any CPU.Build.0 = Debug|Any CPU
		{C8FD8135-39D7-499C-B203-B598584EBB78}.Release|Any CPU.ActiveCfg = Release|Any CPU
		{C8FD8135-39D7-499C-B203-B598584EBB78}.Release|Any CPU.Build.0 = Release|Any CPU
		{0D73070F-9C4F-417E-917B-7FB4EA9E0AFB}.Debug|Any CPU.ActiveCfg = Debug|Any CPU
		{0D73070F-9C4F-417E-917B-7FB4EA9E0AFB}.Debug|Any CPU.Build.0 = Debug|Any CPU
		{0D73070F-9C4F-417E-917B-7FB4EA9E0AFB}.Release|Any CPU.ActiveCfg = Release|Any CPU
		{0D73070F-9C4F-417E-917B-7FB4EA9E0AFB}.Release|Any CPU.Build.0 = Release|Any CPU
		{BECEF962-947A-44BF-8418-A96F8DB60964}.Debug|Any CPU.ActiveCfg = Debug|Any CPU
		{BECEF962-947A-44BF-8418-A96F8DB60964}.Debug|Any CPU.Build.0 = Debug|Any CPU
		{BECEF962-947A-44BF-8418-A96F8DB60964}.Release|Any CPU.ActiveCfg = Release|Any CPU
		{BECEF962-947A-44BF-8418-A96F8DB60964}.Release|Any CPU.Build.0 = Release|Any CPU
	EndGlobalSection
	GlobalSection(SolutionProperties) = preSolution
		HideSolutionNode = FALSE
	EndGlobalSection
	GlobalSection(NestedProjects) = preSolution
		{BECEF962-947A-44BF-8418-A96F8DB60964} = {8F0D4F8A-0137-4B77-8C78-FCD7F860CAE6}
	EndGlobalSection
	GlobalSection(ExtensibilityGlobals) = postSolution
		SolutionGuid = {8833BE0E-5548-44C1-9251-C9AF7C1D025C}
	EndGlobalSection
EndGlobal
